
Microsoft Visual Studio Solution File, Format Version 12.00
# Visual Studio 15
VisualStudioVersion = 15.0.27428.1
MinimumVisualStudioVersion = 10.0.40219.1
Project("{FAE04EC0-301F-11D3-BF4B-00C04F79EFBC}") = "Websocket_Sharp_Client", "Websocket_Sharp_Client\Websocket_Sharp_Client.csproj", "{B5370F0B-3009-4310-A35C-0885497BA9BD}"
EndProject
Project("{FAE04EC0-301F-11D3-BF4B-00C04F79EFBC}") = "websocket-sharp", "Websocket_Sharp_Client\websocket-sharp\websocket-sharp.csproj", "{B357BAC7-529E-4D81-A0D2-71041B19C8DE}"
EndProject
Global
	GlobalSection(SolutionConfigurationPlatforms) = preSolution
		Debug_Ubuntu|Any CPU = Debug_Ubuntu|Any CPU
		Debug|Any CPU = Debug|Any CPU
		Release_Ubuntu|Any CPU = Release_Ubuntu|Any CPU
		Release|Any CPU = Release|Any CPU
	EndGlobalSection
	GlobalSection(ProjectConfigurationPlatforms) = postSolution
		{B5370F0B-3009-4310-A35C-0885497BA9BD}.Debug_Ubuntu|Any CPU.ActiveCfg = Debug|Any CPU
		{B5370F0B-3009-4310-A35C-0885497BA9BD}.Debug_Ubuntu|Any CPU.Build.0 = Debug|Any CPU
		{B5370F0B-3009-4310-A35C-0885497BA9BD}.Debug|Any CPU.ActiveCfg = Debug|Any CPU
		{B5370F0B-3009-4310-A35C-0885497BA9BD}.Debug|Any CPU.Build.0 = Debug|Any CPU
		{B5370F0B-3009-4310-A35C-0885497BA9BD}.Release_Ubuntu|Any CPU.ActiveCfg = Release|Any CPU
		{B5370F0B-3009-4310-A35C-0885497BA9BD}.Release_Ubuntu|Any CPU.Build.0 = Release|Any CPU
		{B5370F0B-3009-4310-A35C-0885497BA9BD}.Release|Any CPU.ActiveCfg = Release|Any CPU
		{B5370F0B-3009-4310-A35C-0885497BA9BD}.Release|Any CPU.Build.0 = Release|Any CPU
		{B357BAC7-529E-4D81-A0D2-71041B19C8DE}.Debug_Ubuntu|Any CPU.ActiveCfg = Debug_Ubuntu|Any CPU
		{B357BAC7-529E-4D81-A0D2-71041B19C8DE}.Debug_Ubuntu|Any CPU.Build.0 = Debug_Ubuntu|Any CPU
		{B357BAC7-529E-4D81-A0D2-71041B19C8DE}.Debug|Any CPU.ActiveCfg = Debug|Any CPU
		{B357BAC7-529E-4D81-A0D2-71041B19C8DE}.Debug|Any CPU.Build.0 = Debug|Any CPU
		{B357BAC7-529E-4D81-A0D2-71041B19C8DE}.Release_Ubuntu|Any CPU.ActiveCfg = Release_Ubuntu|Any CPU
		{B357BAC7-529E-4D81-A0D2-71041B19C8DE}.Release_Ubuntu|Any CPU.Build.0 = Release_Ubuntu|Any CPU
		{B357BAC7-529E-4D81-A0D2-71041B19C8DE}.Release|Any CPU.ActiveCfg = Release|Any CPU
		{B357BAC7-529E-4D81-A0D2-71041B19C8DE}.Release|Any CPU.Build.0 = Release|Any CPU
	EndGlobalSection
	GlobalSection(SolutionProperties) = preSolution
		HideSolutionNode = FALSE
	EndGlobalSection
	GlobalSection(ExtensibilityGlobals) = postSolution
		SolutionGuid = {D2BB20E0-9E7A-4BC9-8764-C98FBC0848A0}
	EndGlobalSection
EndGlobal
